
Microsoft Visual Studio Solution File, Format Version 12.00
# Visual Studio Version 17
VisualStudioVersion = 17.9.34723.18
MinimumVisualStudioVersion = 10.0.40219.1
Project("{FAE04EC0-301F-11D3-BF4B-00C04F79EFBC}") = "Aula143", "Aula143.csproj", "{301E0229-3F2A-4EF3-BF82-43D11818D697}"
EndProject
Global
	GlobalSection(SolutionConfigurationPlatforms) = preSolution
		Debug|Any CPU = Debug|Any CPU
		Release|Any CPU = Release|Any CPU
	EndGlobalSection
	GlobalSection(ProjectConfigurationPlatforms) = postSolution
		{301E0229-3F2A-4EF3-BF82-43D11818D697}.Debug|Any CPU.ActiveCfg = Debug|Any CPU
		{301E0229-3F2A-4EF3-BF82-43D11818D697}.Debug|Any CPU.Build.0 = Debug|Any CPU
		{301E0229-3F2A-4EF3-BF82-43D11818D697}.Release|Any CPU.ActiveCfg = Release|Any CPU
		{301E0229-3F2A-4EF3-BF82-43D11818D697}.Release|Any CPU.Build.0 = Release|Any CPU
	EndGlobalSection
	GlobalSection(SolutionProperties) = preSolution
		HideSolutionNode = FALSE
	EndGlobalSection
	GlobalSection(ExtensibilityGlobals) = postSolution
		SolutionGuid = {308815E1-FE76-45FB-A622-2334B552F1D6}
	EndGlobalSection
EndGlobal
