
Microsoft Visual Studio Solution File, Format Version 12.00
# Visual Studio Version 17
VisualStudioVersion = 17.9.34616.47
MinimumVisualStudioVersion = 10.0.40219.1
Project("{FAE04EC0-301F-11D3-BF4B-00C04F79EFBC}") = "SeisNumerosImpares", "SeisNumerosImpares\SeisNumerosImpares.csproj", "{D823F7C0-9527-4D2D-8E89-27CD58647EC0}"
EndProject
Global
	GlobalSection(SolutionConfigurationPlatforms) = preSolution
		Debug|Any CPU = Debug|Any CPU
		Release|Any CPU = Release|Any CPU
	EndGlobalSection
	GlobalSection(ProjectConfigurationPlatforms) = postSolution
		{D823F7C0-9527-4D2D-8E89-27CD58647EC0}.Debug|Any CPU.ActiveCfg = Debug|Any CPU
		{D823F7C0-9527-4D2D-8E89-27CD58647EC0}.Debug|Any CPU.Build.0 = Debug|Any CPU
		{D823F7C0-9527-4D2D-8E89-27CD58647EC0}.Release|Any CPU.ActiveCfg = Release|Any CPU
		{D823F7C0-9527-4D2D-8E89-27CD58647EC0}.Release|Any CPU.Build.0 = Release|Any CPU
	EndGlobalSection
	GlobalSection(SolutionProperties) = preSolution
		HideSolutionNode = FALSE
	EndGlobalSection
	GlobalSection(ExtensibilityGlobals) = postSolution
		SolutionGuid = {3046A2DD-831C-45F3-A742-87E7094F568A}
	EndGlobalSection
EndGlobal
