
Microsoft Visual Studio Solution File, Format Version 12.00
# Visual Studio Version 17
VisualStudioVersion = 17.9.34616.47
MinimumVisualStudioVersion = 10.0.40219.1
Project("{FAE04EC0-301F-11D3-BF4B-00C04F79EFBC}") = "QuadradoEAoCubo", "QuadradoEAoCubo\QuadradoEAoCubo.csproj", "{BA8400C3-58BD-473F-8615-5CF93AC496CF}"
EndProject
Global
	GlobalSection(SolutionConfigurationPlatforms) = preSolution
		Debug|Any CPU = Debug|Any CPU
		Release|Any CPU = Release|Any CPU
	EndGlobalSection
	GlobalSection(ProjectConfigurationPlatforms) = postSolution
		{BA8400C3-58BD-473F-8615-5CF93AC496CF}.Debug|Any CPU.ActiveCfg = Debug|Any CPU
		{BA8400C3-58BD-473F-8615-5CF93AC496CF}.Debug|Any CPU.Build.0 = Debug|Any CPU
		{BA8400C3-58BD-473F-8615-5CF93AC496CF}.Release|Any CPU.ActiveCfg = Release|Any CPU
		{BA8400C3-58BD-473F-8615-5CF93AC496CF}.Release|Any CPU.Build.0 = Release|Any CPU
	EndGlobalSection
	GlobalSection(SolutionProperties) = preSolution
		HideSolutionNode = FALSE
	EndGlobalSection
	GlobalSection(ExtensibilityGlobals) = postSolution
		SolutionGuid = {D189599B-4CF6-4450-AEBD-B8EA84682E20}
	EndGlobalSection
EndGlobal
