
Microsoft Visual Studio Solution File, Format Version 12.00
# Visual Studio Version 17
VisualStudioVersion = 17.9.34616.47
MinimumVisualStudioVersion = 10.0.40219.1
Project("{FAE04EC0-301F-11D3-BF4B-00C04F79EFBC}") = "ExercicioMatriz5", "ExercicioMatriz5\ExercicioMatriz5.csproj", "{30C944BE-4B2D-46D9-B8B9-8FE9498391BF}"
EndProject
Global
	GlobalSection(SolutionConfigurationPlatforms) = preSolution
		Debug|Any CPU = Debug|Any CPU
		Release|Any CPU = Release|Any CPU
	EndGlobalSection
	GlobalSection(ProjectConfigurationPlatforms) = postSolution
		{30C944BE-4B2D-46D9-B8B9-8FE9498391BF}.Debug|Any CPU.ActiveCfg = Debug|Any CPU
		{30C944BE-4B2D-46D9-B8B9-8FE9498391BF}.Debug|Any CPU.Build.0 = Debug|Any CPU
		{30C944BE-4B2D-46D9-B8B9-8FE9498391BF}.Release|Any CPU.ActiveCfg = Release|Any CPU
		{30C944BE-4B2D-46D9-B8B9-8FE9498391BF}.Release|Any CPU.Build.0 = Release|Any CPU
	EndGlobalSection
	GlobalSection(SolutionProperties) = preSolution
		HideSolutionNode = FALSE
	EndGlobalSection
	GlobalSection(ExtensibilityGlobals) = postSolution
		SolutionGuid = {2E01B606-078A-45C7-BA00-034EC844FEE3}
	EndGlobalSection
EndGlobal
