
Microsoft Visual Studio Solution File, Format Version 12.00
# Visual Studio Version 17
VisualStudioVersion = 17.9.34616.47
MinimumVisualStudioVersion = 10.0.40219.1
Project("{FAE04EC0-301F-11D3-BF4B-00C04F79EFBC}") = "ForEach", "ForEach\ForEach.csproj", "{63A4431C-E398-4282-B4E0-2312B19AC1F6}"
EndProject
Global
	GlobalSection(SolutionConfigurationPlatforms) = preSolution
		Debug|Any CPU = Debug|Any CPU
		Release|Any CPU = Release|Any CPU
	EndGlobalSection
	GlobalSection(ProjectConfigurationPlatforms) = postSolution
		{63A4431C-E398-4282-B4E0-2312B19AC1F6}.Debug|Any CPU.ActiveCfg = Debug|Any CPU
		{63A4431C-E398-4282-B4E0-2312B19AC1F6}.Debug|Any CPU.Build.0 = Debug|Any CPU
		{63A4431C-E398-4282-B4E0-2312B19AC1F6}.Release|Any CPU.ActiveCfg = Release|Any CPU
		{63A4431C-E398-4282-B4E0-2312B19AC1F6}.Release|Any CPU.Build.0 = Release|Any CPU
	EndGlobalSection
	GlobalSection(SolutionProperties) = preSolution
		HideSolutionNode = FALSE
	EndGlobalSection
	GlobalSection(ExtensibilityGlobals) = postSolution
		SolutionGuid = {1B2D5A3D-DE06-4DBD-89BA-FC2A7344B32B}
	EndGlobalSection
EndGlobal
