
Microsoft Visual Studio Solution File, Format Version 12.00
# Visual Studio Version 17
VisualStudioVersion = 17.9.34616.47
MinimumVisualStudioVersion = 10.0.40219.1
Project("{FAE04EC0-301F-11D3-BF4B-00C04F79EFBC}") = "ExercicioVetor9", "ExercicioVetor9\ExercicioVetor9.csproj", "{F8F5BD46-4B6B-41A3-B5D8-079C0084C558}"
EndProject
Global
	GlobalSection(SolutionConfigurationPlatforms) = preSolution
		Debug|Any CPU = Debug|Any CPU
		Release|Any CPU = Release|Any CPU
	EndGlobalSection
	GlobalSection(ProjectConfigurationPlatforms) = postSolution
		{F8F5BD46-4B6B-41A3-B5D8-079C0084C558}.Debug|Any CPU.ActiveCfg = Debug|Any CPU
		{F8F5BD46-4B6B-41A3-B5D8-079C0084C558}.Debug|Any CPU.Build.0 = Debug|Any CPU
		{F8F5BD46-4B6B-41A3-B5D8-079C0084C558}.Release|Any CPU.ActiveCfg = Release|Any CPU
		{F8F5BD46-4B6B-41A3-B5D8-079C0084C558}.Release|Any CPU.Build.0 = Release|Any CPU
	EndGlobalSection
	GlobalSection(SolutionProperties) = preSolution
		HideSolutionNode = FALSE
	EndGlobalSection
	GlobalSection(ExtensibilityGlobals) = postSolution
		SolutionGuid = {066C32BC-F9B7-418B-B8A9-4FE461A919B0}
	EndGlobalSection
EndGlobal
