
Microsoft Visual Studio Solution File, Format Version 12.00
# Visual Studio Version 17
VisualStudioVersion = 17.9.34616.47
MinimumVisualStudioVersion = 10.0.40219.1
Project("{FAE04EC0-301F-11D3-BF4B-00C04F79EFBC}") = "ExercicioVetor7", "ExercicioVetor7\ExercicioVetor7.csproj", "{174AC133-7B02-41A9-9826-086491413053}"
EndProject
Global
	GlobalSection(SolutionConfigurationPlatforms) = preSolution
		Debug|Any CPU = Debug|Any CPU
		Release|Any CPU = Release|Any CPU
	EndGlobalSection
	GlobalSection(ProjectConfigurationPlatforms) = postSolution
		{174AC133-7B02-41A9-9826-086491413053}.Debug|Any CPU.ActiveCfg = Debug|Any CPU
		{174AC133-7B02-41A9-9826-086491413053}.Debug|Any CPU.Build.0 = Debug|Any CPU
		{174AC133-7B02-41A9-9826-086491413053}.Release|Any CPU.ActiveCfg = Release|Any CPU
		{174AC133-7B02-41A9-9826-086491413053}.Release|Any CPU.Build.0 = Release|Any CPU
	EndGlobalSection
	GlobalSection(SolutionProperties) = preSolution
		HideSolutionNode = FALSE
	EndGlobalSection
	GlobalSection(ExtensibilityGlobals) = postSolution
		SolutionGuid = {2498CAAB-9576-4682-A0C3-AB2474291849}
	EndGlobalSection
EndGlobal
