
Microsoft Visual Studio Solution File, Format Version 12.00
# Visual Studio Version 17
VisualStudioVersion = 17.9.34616.47
MinimumVisualStudioVersion = 10.0.40219.1
Project("{FAE04EC0-301F-11D3-BF4B-00C04F79EFBC}") = "Aula21", "Aula21\Aula21.csproj", "{4F12B3E9-12D3-477B-B6F0-EAC970DBCA69}"
EndProject
Global
	GlobalSection(SolutionConfigurationPlatforms) = preSolution
		Debug|Any CPU = Debug|Any CPU
		Release|Any CPU = Release|Any CPU
	EndGlobalSection
	GlobalSection(ProjectConfigurationPlatforms) = postSolution
		{4F12B3E9-12D3-477B-B6F0-EAC970DBCA69}.Debug|Any CPU.ActiveCfg = Debug|Any CPU
		{4F12B3E9-12D3-477B-B6F0-EAC970DBCA69}.Debug|Any CPU.Build.0 = Debug|Any CPU
		{4F12B3E9-12D3-477B-B6F0-EAC970DBCA69}.Release|Any CPU.ActiveCfg = Release|Any CPU
		{4F12B3E9-12D3-477B-B6F0-EAC970DBCA69}.Release|Any CPU.Build.0 = Release|Any CPU
	EndGlobalSection
	GlobalSection(SolutionProperties) = preSolution
		HideSolutionNode = FALSE
	EndGlobalSection
	GlobalSection(ExtensibilityGlobals) = postSolution
		SolutionGuid = {089F6F8D-55CA-4086-B132-69C19737CF08}
	EndGlobalSection
EndGlobal
