
Microsoft Visual Studio Solution File, Format Version 12.00
# Visual Studio Version 17
VisualStudioVersion = 17.9.34616.47
MinimumVisualStudioVersion = 10.0.40219.1
Project("{FAE04EC0-301F-11D3-BF4B-00C04F79EFBC}") = "ParOuImpar", "ParOuImpar\ParOuImpar.csproj", "{5EAACD62-4E73-43FA-AA5A-7DAC1146F22E}"
EndProject
Global
	GlobalSection(SolutionConfigurationPlatforms) = preSolution
		Debug|Any CPU = Debug|Any CPU
		Release|Any CPU = Release|Any CPU
	EndGlobalSection
	GlobalSection(ProjectConfigurationPlatforms) = postSolution
		{5EAACD62-4E73-43FA-AA5A-7DAC1146F22E}.Debug|Any CPU.ActiveCfg = Debug|Any CPU
		{5EAACD62-4E73-43FA-AA5A-7DAC1146F22E}.Debug|Any CPU.Build.0 = Debug|Any CPU
		{5EAACD62-4E73-43FA-AA5A-7DAC1146F22E}.Release|Any CPU.ActiveCfg = Release|Any CPU
		{5EAACD62-4E73-43FA-AA5A-7DAC1146F22E}.Release|Any CPU.Build.0 = Release|Any CPU
	EndGlobalSection
	GlobalSection(SolutionProperties) = preSolution
		HideSolutionNode = FALSE
	EndGlobalSection
	GlobalSection(ExtensibilityGlobals) = postSolution
		SolutionGuid = {5B124F97-E65B-4F7C-94F6-1436F81C7B95}
	EndGlobalSection
EndGlobal
