
Microsoft Visual Studio Solution File, Format Version 12.00
# Visual Studio Version 17
VisualStudioVersion = 17.9.34616.47
MinimumVisualStudioVersion = 10.0.40219.1
Project("{FAE04EC0-301F-11D3-BF4B-00C04F79EFBC}") = "TempoDeUmEvento", "TempoDeUmEvento\TempoDeUmEvento.csproj", "{B073AEE0-09F2-4552-B0BF-C3993DDA874E}"
EndProject
Global
	GlobalSection(SolutionConfigurationPlatforms) = preSolution
		Debug|Any CPU = Debug|Any CPU
		Release|Any CPU = Release|Any CPU
	EndGlobalSection
	GlobalSection(ProjectConfigurationPlatforms) = postSolution
		{B073AEE0-09F2-4552-B0BF-C3993DDA874E}.Debug|Any CPU.ActiveCfg = Debug|Any CPU
		{B073AEE0-09F2-4552-B0BF-C3993DDA874E}.Debug|Any CPU.Build.0 = Debug|Any CPU
		{B073AEE0-09F2-4552-B0BF-C3993DDA874E}.Release|Any CPU.ActiveCfg = Release|Any CPU
		{B073AEE0-09F2-4552-B0BF-C3993DDA874E}.Release|Any CPU.Build.0 = Release|Any CPU
	EndGlobalSection
	GlobalSection(SolutionProperties) = preSolution
		HideSolutionNode = FALSE
	EndGlobalSection
	GlobalSection(ExtensibilityGlobals) = postSolution
		SolutionGuid = {90BECA23-0320-41B7-BDD6-188DF0719523}
	EndGlobalSection
EndGlobal
