
Microsoft Visual Studio Solution File, Format Version 12.00
# Visual Studio Version 17
VisualStudioVersion = 17.9.34616.47
MinimumVisualStudioVersion = 10.0.40219.1
Project("{FAE04EC0-301F-11D3-BF4B-00C04F79EFBC}") = "ExercicioClasse1", "ExercicioClasse1\ExercicioClasse1.csproj", "{B438C2FD-953C-4365-9B03-682A94032A15}"
EndProject
Global
	GlobalSection(SolutionConfigurationPlatforms) = preSolution
		Debug|Any CPU = Debug|Any CPU
		Release|Any CPU = Release|Any CPU
	EndGlobalSection
	GlobalSection(ProjectConfigurationPlatforms) = postSolution
		{B438C2FD-953C-4365-9B03-682A94032A15}.Debug|Any CPU.ActiveCfg = Debug|Any CPU
		{B438C2FD-953C-4365-9B03-682A94032A15}.Debug|Any CPU.Build.0 = Debug|Any CPU
		{B438C2FD-953C-4365-9B03-682A94032A15}.Release|Any CPU.ActiveCfg = Release|Any CPU
		{B438C2FD-953C-4365-9B03-682A94032A15}.Release|Any CPU.Build.0 = Release|Any CPU
	EndGlobalSection
	GlobalSection(SolutionProperties) = preSolution
		HideSolutionNode = FALSE
	EndGlobalSection
	GlobalSection(ExtensibilityGlobals) = postSolution
		SolutionGuid = {AC22A3FA-4ACA-4063-B67A-196192FC6248}
	EndGlobalSection
EndGlobal
