
Microsoft Visual Studio Solution File, Format Version 12.00
# Visual Studio Version 17
VisualStudioVersion = 17.9.34902.65
MinimumVisualStudioVersion = 10.0.40219.1
Project("{FAE04EC0-301F-11D3-BF4B-00C04F79EFBC}") = "Aula235", "Aula235.csproj", "{8FBE0503-6754-4BBE-8BF0-C4B915C63DEB}"
EndProject
Global
	GlobalSection(SolutionConfigurationPlatforms) = preSolution
		Debug|Any CPU = Debug|Any CPU
		Release|Any CPU = Release|Any CPU
	EndGlobalSection
	GlobalSection(ProjectConfigurationPlatforms) = postSolution
		{8FBE0503-6754-4BBE-8BF0-C4B915C63DEB}.Debug|Any CPU.ActiveCfg = Debug|Any CPU
		{8FBE0503-6754-4BBE-8BF0-C4B915C63DEB}.Debug|Any CPU.Build.0 = Debug|Any CPU
		{8FBE0503-6754-4BBE-8BF0-C4B915C63DEB}.Release|Any CPU.ActiveCfg = Release|Any CPU
		{8FBE0503-6754-4BBE-8BF0-C4B915C63DEB}.Release|Any CPU.Build.0 = Release|Any CPU
	EndGlobalSection
	GlobalSection(SolutionProperties) = preSolution
		HideSolutionNode = FALSE
	EndGlobalSection
	GlobalSection(ExtensibilityGlobals) = postSolution
		SolutionGuid = {426A76FD-8800-4913-9BEB-0528D838A028}
	EndGlobalSection
EndGlobal
