
Microsoft Visual Studio Solution File, Format Version 12.00
# Visual Studio Version 17
VisualStudioVersion = 17.9.34723.18
MinimumVisualStudioVersion = 10.0.40219.1
Project("{FAE04EC0-301F-11D3-BF4B-00C04F79EFBC}") = "Aula195", "Aula195.csproj", "{8E18977D-0C54-4A6B-A6E2-54C6CF0B76A8}"
EndProject
Global
	GlobalSection(SolutionConfigurationPlatforms) = preSolution
		Debug|Any CPU = Debug|Any CPU
		Release|Any CPU = Release|Any CPU
	EndGlobalSection
	GlobalSection(ProjectConfigurationPlatforms) = postSolution
		{8E18977D-0C54-4A6B-A6E2-54C6CF0B76A8}.Debug|Any CPU.ActiveCfg = Debug|Any CPU
		{8E18977D-0C54-4A6B-A6E2-54C6CF0B76A8}.Debug|Any CPU.Build.0 = Debug|Any CPU
		{8E18977D-0C54-4A6B-A6E2-54C6CF0B76A8}.Release|Any CPU.ActiveCfg = Release|Any CPU
		{8E18977D-0C54-4A6B-A6E2-54C6CF0B76A8}.Release|Any CPU.Build.0 = Release|Any CPU
	EndGlobalSection
	GlobalSection(SolutionProperties) = preSolution
		HideSolutionNode = FALSE
	EndGlobalSection
	GlobalSection(ExtensibilityGlobals) = postSolution
		SolutionGuid = {C8C0CAF7-32D5-4799-9BB7-733868846587}
	EndGlobalSection
EndGlobal
