
Microsoft Visual Studio Solution File, Format Version 12.00
# Visual Studio Version 17
VisualStudioVersion = 17.9.34616.47
MinimumVisualStudioVersion = 10.0.40219.1
Project("{FAE04EC0-301F-11D3-BF4B-00C04F79EFBC}") = "ExercicioStatic1", "ExercicioStatic1\ExercicioStatic1.csproj", "{90B9A613-1DC0-4C4D-B6BA-E2B5824342BD}"
EndProject
Global
	GlobalSection(SolutionConfigurationPlatforms) = preSolution
		Debug|Any CPU = Debug|Any CPU
		Release|Any CPU = Release|Any CPU
	EndGlobalSection
	GlobalSection(ProjectConfigurationPlatforms) = postSolution
		{90B9A613-1DC0-4C4D-B6BA-E2B5824342BD}.Debug|Any CPU.ActiveCfg = Debug|Any CPU
		{90B9A613-1DC0-4C4D-B6BA-E2B5824342BD}.Debug|Any CPU.Build.0 = Debug|Any CPU
		{90B9A613-1DC0-4C4D-B6BA-E2B5824342BD}.Release|Any CPU.ActiveCfg = Release|Any CPU
		{90B9A613-1DC0-4C4D-B6BA-E2B5824342BD}.Release|Any CPU.Build.0 = Release|Any CPU
	EndGlobalSection
	GlobalSection(SolutionProperties) = preSolution
		HideSolutionNode = FALSE
	EndGlobalSection
	GlobalSection(ExtensibilityGlobals) = postSolution
		SolutionGuid = {EF0F9040-2735-4D3C-8414-E96B3A32FA5D}
	EndGlobalSection
EndGlobal
