
Microsoft Visual Studio Solution File, Format Version 12.00
# Visual Studio Version 17
VisualStudioVersion = 17.9.34616.47
MinimumVisualStudioVersion = 10.0.40219.1
Project("{FAE04EC0-301F-11D3-BF4B-00C04F79EFBC}") = "exercicio3", "exercicio3\exercicio3.csproj", "{D1835F74-5300-41F9-B6F5-7DA41BC52C44}"
EndProject
Global
	GlobalSection(SolutionConfigurationPlatforms) = preSolution
		Debug|Any CPU = Debug|Any CPU
		Release|Any CPU = Release|Any CPU
	EndGlobalSection
	GlobalSection(ProjectConfigurationPlatforms) = postSolution
		{D1835F74-5300-41F9-B6F5-7DA41BC52C44}.Debug|Any CPU.ActiveCfg = Debug|Any CPU
		{D1835F74-5300-41F9-B6F5-7DA41BC52C44}.Debug|Any CPU.Build.0 = Debug|Any CPU
		{D1835F74-5300-41F9-B6F5-7DA41BC52C44}.Release|Any CPU.ActiveCfg = Release|Any CPU
		{D1835F74-5300-41F9-B6F5-7DA41BC52C44}.Release|Any CPU.Build.0 = Release|Any CPU
	EndGlobalSection
	GlobalSection(SolutionProperties) = preSolution
		HideSolutionNode = FALSE
	EndGlobalSection
	GlobalSection(ExtensibilityGlobals) = postSolution
		SolutionGuid = {E1E442BA-8D3B-4799-A94F-3C6F8364C833}
	EndGlobalSection
EndGlobal
