
Microsoft Visual Studio Solution File, Format Version 12.00
# Visual Studio Version 17
VisualStudioVersion = 17.9.34616.47
MinimumVisualStudioVersion = 10.0.40219.1
Project("{FAE04EC0-301F-11D3-BF4B-00C04F79EFBC}") = "Grenais", "Grenais\Grenais.csproj", "{298F633D-86F6-4911-8B22-E69ECA3D126B}"
EndProject
Global
	GlobalSection(SolutionConfigurationPlatforms) = preSolution
		Debug|Any CPU = Debug|Any CPU
		Release|Any CPU = Release|Any CPU
	EndGlobalSection
	GlobalSection(ProjectConfigurationPlatforms) = postSolution
		{298F633D-86F6-4911-8B22-E69ECA3D126B}.Debug|Any CPU.ActiveCfg = Debug|Any CPU
		{298F633D-86F6-4911-8B22-E69ECA3D126B}.Debug|Any CPU.Build.0 = Debug|Any CPU
		{298F633D-86F6-4911-8B22-E69ECA3D126B}.Release|Any CPU.ActiveCfg = Release|Any CPU
		{298F633D-86F6-4911-8B22-E69ECA3D126B}.Release|Any CPU.Build.0 = Release|Any CPU
	EndGlobalSection
	GlobalSection(SolutionProperties) = preSolution
		HideSolutionNode = FALSE
	EndGlobalSection
	GlobalSection(ExtensibilityGlobals) = postSolution
		SolutionGuid = {A440625A-FE49-464A-9272-7BE8EFF3E677}
	EndGlobalSection
EndGlobal
