
Microsoft Visual Studio Solution File, Format Version 12.00
# Visual Studio Version 17
VisualStudioVersion = 17.9.34616.47
MinimumVisualStudioVersion = 10.0.40219.1
Project("{FAE04EC0-301F-11D3-BF4B-00C04F79EFBC}") = "Exercicio23", "Exercicio23\Exercicio23.csproj", "{1B846261-9D27-40D2-BAE1-C239AF4A671D}"
EndProject
Global
	GlobalSection(SolutionConfigurationPlatforms) = preSolution
		Debug|Any CPU = Debug|Any CPU
		Release|Any CPU = Release|Any CPU
	EndGlobalSection
	GlobalSection(ProjectConfigurationPlatforms) = postSolution
		{1B846261-9D27-40D2-BAE1-C239AF4A671D}.Debug|Any CPU.ActiveCfg = Debug|Any CPU
		{1B846261-9D27-40D2-BAE1-C239AF4A671D}.Debug|Any CPU.Build.0 = Debug|Any CPU
		{1B846261-9D27-40D2-BAE1-C239AF4A671D}.Release|Any CPU.ActiveCfg = Release|Any CPU
		{1B846261-9D27-40D2-BAE1-C239AF4A671D}.Release|Any CPU.Build.0 = Release|Any CPU
	EndGlobalSection
	GlobalSection(SolutionProperties) = preSolution
		HideSolutionNode = FALSE
	EndGlobalSection
	GlobalSection(ExtensibilityGlobals) = postSolution
		SolutionGuid = {7AF74EC4-FAFE-4EF3-A6A4-C3E096FAE91C}
	EndGlobalSection
EndGlobal
