
Microsoft Visual Studio Solution File, Format Version 12.00
# Visual Studio Version 17
VisualStudioVersion = 17.9.34616.47
MinimumVisualStudioVersion = 10.0.40219.1
Project("{FAE04EC0-301F-11D3-BF4B-00C04F79EFBC}") = "TiposDeTriangulos", "TiposDeTriangulos\TiposDeTriangulos.csproj", "{4E741C1B-C299-4302-B3DF-0F8A30D26FA1}"
EndProject
Global
	GlobalSection(SolutionConfigurationPlatforms) = preSolution
		Debug|Any CPU = Debug|Any CPU
		Release|Any CPU = Release|Any CPU
	EndGlobalSection
	GlobalSection(ProjectConfigurationPlatforms) = postSolution
		{4E741C1B-C299-4302-B3DF-0F8A30D26FA1}.Debug|Any CPU.ActiveCfg = Debug|Any CPU
		{4E741C1B-C299-4302-B3DF-0F8A30D26FA1}.Debug|Any CPU.Build.0 = Debug|Any CPU
		{4E741C1B-C299-4302-B3DF-0F8A30D26FA1}.Release|Any CPU.ActiveCfg = Release|Any CPU
		{4E741C1B-C299-4302-B3DF-0F8A30D26FA1}.Release|Any CPU.Build.0 = Release|Any CPU
	EndGlobalSection
	GlobalSection(SolutionProperties) = preSolution
		HideSolutionNode = FALSE
	EndGlobalSection
	GlobalSection(ExtensibilityGlobals) = postSolution
		SolutionGuid = {E5D6D002-6C29-4194-B69F-C5CFE1AD6298}
	EndGlobalSection
EndGlobal
