
Microsoft Visual Studio Solution File, Format Version 12.00
# Visual Studio Version 17
VisualStudioVersion = 17.9.34723.18
MinimumVisualStudioVersion = 10.0.40219.1
Project("{FAE04EC0-301F-11D3-BF4B-00C04F79EFBC}") = "Aula205", "Aula205.csproj", "{73C390D3-0B1B-44FF-A9A3-589E76396FD3}"
EndProject
Global
	GlobalSection(SolutionConfigurationPlatforms) = preSolution
		Debug|Any CPU = Debug|Any CPU
		Release|Any CPU = Release|Any CPU
	EndGlobalSection
	GlobalSection(ProjectConfigurationPlatforms) = postSolution
		{73C390D3-0B1B-44FF-A9A3-589E76396FD3}.Debug|Any CPU.ActiveCfg = Debug|Any CPU
		{73C390D3-0B1B-44FF-A9A3-589E76396FD3}.Debug|Any CPU.Build.0 = Debug|Any CPU
		{73C390D3-0B1B-44FF-A9A3-589E76396FD3}.Release|Any CPU.ActiveCfg = Release|Any CPU
		{73C390D3-0B1B-44FF-A9A3-589E76396FD3}.Release|Any CPU.Build.0 = Release|Any CPU
	EndGlobalSection
	GlobalSection(SolutionProperties) = preSolution
		HideSolutionNode = FALSE
	EndGlobalSection
	GlobalSection(ExtensibilityGlobals) = postSolution
		SolutionGuid = {920FDA0F-4537-488C-9CD4-B3B19EECBB1B}
	EndGlobalSection
EndGlobal
