
Microsoft Visual Studio Solution File, Format Version 12.00
# Visual Studio Version 17
VisualStudioVersion = 17.9.34616.47
MinimumVisualStudioVersion = 10.0.40219.1
Project("{FAE04EC0-301F-11D3-BF4B-00C04F79EFBC}") = "ExercicioMatriz3", "ExercicioMatriz3\ExercicioMatriz3.csproj", "{F4A2BEFB-796C-421C-849D-46CA1B46BF8E}"
EndProject
Global
	GlobalSection(SolutionConfigurationPlatforms) = preSolution
		Debug|Any CPU = Debug|Any CPU
		Release|Any CPU = Release|Any CPU
	EndGlobalSection
	GlobalSection(ProjectConfigurationPlatforms) = postSolution
		{F4A2BEFB-796C-421C-849D-46CA1B46BF8E}.Debug|Any CPU.ActiveCfg = Debug|Any CPU
		{F4A2BEFB-796C-421C-849D-46CA1B46BF8E}.Debug|Any CPU.Build.0 = Debug|Any CPU
		{F4A2BEFB-796C-421C-849D-46CA1B46BF8E}.Release|Any CPU.ActiveCfg = Release|Any CPU
		{F4A2BEFB-796C-421C-849D-46CA1B46BF8E}.Release|Any CPU.Build.0 = Release|Any CPU
	EndGlobalSection
	GlobalSection(SolutionProperties) = preSolution
		HideSolutionNode = FALSE
	EndGlobalSection
	GlobalSection(ExtensibilityGlobals) = postSolution
		SolutionGuid = {3193DE00-4E14-4279-BFF6-470E7419FF35}
	EndGlobalSection
EndGlobal
