
Microsoft Visual Studio Solution File, Format Version 12.00
# Visual Studio Version 17
VisualStudioVersion = 17.9.34616.47
MinimumVisualStudioVersion = 10.0.40219.1
Project("{FAE04EC0-301F-11D3-BF4B-00C04F79EFBC}") = "Intervalo2", "Intervalo2\Intervalo2.csproj", "{667156B1-1F61-4C93-BA70-1573591B31D1}"
EndProject
Global
	GlobalSection(SolutionConfigurationPlatforms) = preSolution
		Debug|Any CPU = Debug|Any CPU
		Release|Any CPU = Release|Any CPU
	EndGlobalSection
	GlobalSection(ProjectConfigurationPlatforms) = postSolution
		{667156B1-1F61-4C93-BA70-1573591B31D1}.Debug|Any CPU.ActiveCfg = Debug|Any CPU
		{667156B1-1F61-4C93-BA70-1573591B31D1}.Debug|Any CPU.Build.0 = Debug|Any CPU
		{667156B1-1F61-4C93-BA70-1573591B31D1}.Release|Any CPU.ActiveCfg = Release|Any CPU
		{667156B1-1F61-4C93-BA70-1573591B31D1}.Release|Any CPU.Build.0 = Release|Any CPU
	EndGlobalSection
	GlobalSection(SolutionProperties) = preSolution
		HideSolutionNode = FALSE
	EndGlobalSection
	GlobalSection(ExtensibilityGlobals) = postSolution
		SolutionGuid = {DBBC7985-DDA4-4DA8-B241-602F367C218E}
	EndGlobalSection
EndGlobal
