
Microsoft Visual Studio Solution File, Format Version 12.00
# Visual Studio Version 17
VisualStudioVersion = 17.9.34616.47
MinimumVisualStudioVersion = 10.0.40219.1
Project("{FAE04EC0-301F-11D3-BF4B-00C04F79EFBC}") = "MultiplosDe13", "MultiplosDe13\MultiplosDe13.csproj", "{A63AB003-2B60-4F9A-AEA1-FD603656C1D0}"
EndProject
Global
	GlobalSection(SolutionConfigurationPlatforms) = preSolution
		Debug|Any CPU = Debug|Any CPU
		Release|Any CPU = Release|Any CPU
	EndGlobalSection
	GlobalSection(ProjectConfigurationPlatforms) = postSolution
		{A63AB003-2B60-4F9A-AEA1-FD603656C1D0}.Debug|Any CPU.ActiveCfg = Debug|Any CPU
		{A63AB003-2B60-4F9A-AEA1-FD603656C1D0}.Debug|Any CPU.Build.0 = Debug|Any CPU
		{A63AB003-2B60-4F9A-AEA1-FD603656C1D0}.Release|Any CPU.ActiveCfg = Release|Any CPU
		{A63AB003-2B60-4F9A-AEA1-FD603656C1D0}.Release|Any CPU.Build.0 = Release|Any CPU
	EndGlobalSection
	GlobalSection(SolutionProperties) = preSolution
		HideSolutionNode = FALSE
	EndGlobalSection
	GlobalSection(ExtensibilityGlobals) = postSolution
		SolutionGuid = {AB279C0E-BCFA-4F82-810C-A4FD67013AFE}
	EndGlobalSection
EndGlobal
