
Microsoft Visual Studio Solution File, Format Version 12.00
# Visual Studio Version 17
VisualStudioVersion = 17.9.34723.18
MinimumVisualStudioVersion = 10.0.40219.1
Project("{FAE04EC0-301F-11D3-BF4B-00C04F79EFBC}") = "Aula138", "Aula138.csproj", "{A91AAAF3-CED5-4A58-83D8-436D863EC67A}"
EndProject
Global
	GlobalSection(SolutionConfigurationPlatforms) = preSolution
		Debug|Any CPU = Debug|Any CPU
		Release|Any CPU = Release|Any CPU
	EndGlobalSection
	GlobalSection(ProjectConfigurationPlatforms) = postSolution
		{A91AAAF3-CED5-4A58-83D8-436D863EC67A}.Debug|Any CPU.ActiveCfg = Debug|Any CPU
		{A91AAAF3-CED5-4A58-83D8-436D863EC67A}.Debug|Any CPU.Build.0 = Debug|Any CPU
		{A91AAAF3-CED5-4A58-83D8-436D863EC67A}.Release|Any CPU.ActiveCfg = Release|Any CPU
		{A91AAAF3-CED5-4A58-83D8-436D863EC67A}.Release|Any CPU.Build.0 = Release|Any CPU
	EndGlobalSection
	GlobalSection(SolutionProperties) = preSolution
		HideSolutionNode = FALSE
	EndGlobalSection
	GlobalSection(ExtensibilityGlobals) = postSolution
		SolutionGuid = {5A717A78-9FD4-4842-AC7B-87F04AFBD439}
	EndGlobalSection
EndGlobal
