
Microsoft Visual Studio Solution File, Format Version 12.00
# Visual Studio Version 17
VisualStudioVersion = 17.9.34714.143
MinimumVisualStudioVersion = 10.0.40219.1
Project("{FAE04EC0-301F-11D3-BF4B-00C04F79EFBC}") = "Aula70", "Aula70.csproj", "{5D952A07-F842-4568-BFFB-AC61C5E8A5B2}"
EndProject
Global
	GlobalSection(SolutionConfigurationPlatforms) = preSolution
		Debug|Any CPU = Debug|Any CPU
		Release|Any CPU = Release|Any CPU
	EndGlobalSection
	GlobalSection(ProjectConfigurationPlatforms) = postSolution
		{5D952A07-F842-4568-BFFB-AC61C5E8A5B2}.Debug|Any CPU.ActiveCfg = Debug|Any CPU
		{5D952A07-F842-4568-BFFB-AC61C5E8A5B2}.Debug|Any CPU.Build.0 = Debug|Any CPU
		{5D952A07-F842-4568-BFFB-AC61C5E8A5B2}.Release|Any CPU.ActiveCfg = Release|Any CPU
		{5D952A07-F842-4568-BFFB-AC61C5E8A5B2}.Release|Any CPU.Build.0 = Release|Any CPU
	EndGlobalSection
	GlobalSection(SolutionProperties) = preSolution
		HideSolutionNode = FALSE
	EndGlobalSection
	GlobalSection(ExtensibilityGlobals) = postSolution
		SolutionGuid = {4F808653-609A-4B3F-834E-E40D04669D7C}
	EndGlobalSection
EndGlobal
