
Microsoft Visual Studio Solution File, Format Version 12.00
# Visual Studio Version 17
VisualStudioVersion = 17.9.34616.47
MinimumVisualStudioVersion = 10.0.40219.1
Project("{FAE04EC0-301F-11D3-BF4B-00C04F79EFBC}") = "Exercicio4", "Exercicio4\Exercicio4.csproj", "{B9180D43-B22F-43EB-B575-E095979A4B22}"
EndProject
Global
	GlobalSection(SolutionConfigurationPlatforms) = preSolution
		Debug|Any CPU = Debug|Any CPU
		Release|Any CPU = Release|Any CPU
	EndGlobalSection
	GlobalSection(ProjectConfigurationPlatforms) = postSolution
		{B9180D43-B22F-43EB-B575-E095979A4B22}.Debug|Any CPU.ActiveCfg = Debug|Any CPU
		{B9180D43-B22F-43EB-B575-E095979A4B22}.Debug|Any CPU.Build.0 = Debug|Any CPU
		{B9180D43-B22F-43EB-B575-E095979A4B22}.Release|Any CPU.ActiveCfg = Release|Any CPU
		{B9180D43-B22F-43EB-B575-E095979A4B22}.Release|Any CPU.Build.0 = Release|Any CPU
	EndGlobalSection
	GlobalSection(SolutionProperties) = preSolution
		HideSolutionNode = FALSE
	EndGlobalSection
	GlobalSection(ExtensibilityGlobals) = postSolution
		SolutionGuid = {12161FA3-8122-4A89-8D4E-287AC390BFCA}
	EndGlobalSection
EndGlobal
