
Microsoft Visual Studio Solution File, Format Version 12.00
# Visual Studio Version 17
VisualStudioVersion = 17.10.35122.118
MinimumVisualStudioVersion = 10.0.40219.1
Project("{8BC9CEB8-8B4A-11D0-8D11-00A0C91BC942}") = "Produto Simples", "Produto Simples.vcxproj", "{08FC3A9D-3FD4-4EE2-BF56-05BB1592BF7A}"
EndProject
Global
	GlobalSection(SolutionConfigurationPlatforms) = preSolution
		Debug|x64 = Debug|x64
		Debug|x86 = Debug|x86
		Release|x64 = Release|x64
		Release|x86 = Release|x86
	EndGlobalSection
	GlobalSection(ProjectConfigurationPlatforms) = postSolution
		{08FC3A9D-3FD4-4EE2-BF56-05BB1592BF7A}.Debug|x64.ActiveCfg = Debug|x64
		{08FC3A9D-3FD4-4EE2-BF56-05BB1592BF7A}.Debug|x64.Build.0 = Debug|x64
		{08FC3A9D-3FD4-4EE2-BF56-05BB1592BF7A}.Debug|x86.ActiveCfg = Debug|Win32
		{08FC3A9D-3FD4-4EE2-BF56-05BB1592BF7A}.Debug|x86.Build.0 = Debug|Win32
		{08FC3A9D-3FD4-4EE2-BF56-05BB1592BF7A}.Release|x64.ActiveCfg = Release|x64
		{08FC3A9D-3FD4-4EE2-BF56-05BB1592BF7A}.Release|x64.Build.0 = Release|x64
		{08FC3A9D-3FD4-4EE2-BF56-05BB1592BF7A}.Release|x86.ActiveCfg = Release|Win32
		{08FC3A9D-3FD4-4EE2-BF56-05BB1592BF7A}.Release|x86.Build.0 = Release|Win32
	EndGlobalSection
	GlobalSection(SolutionProperties) = preSolution
		HideSolutionNode = FALSE
	EndGlobalSection
	GlobalSection(ExtensibilityGlobals) = postSolution
		SolutionGuid = {BC875ECB-8278-4F4F-9CEA-1A291AC91DC2}
	EndGlobalSection
EndGlobal
